<?xml version="1.0" encoding="utf-8"?>
<Project ToolsVersion="4.0" xmlns="http://schemas.microsoft.com/developer/msbuild/2003">
  <ItemGroup>
    <Filter Include="Source Files">
      <UniqueIdentifier>{4FC737F1-C7A5-4376-A066-2A32D752A2FF}</UniqueIdentifier>
      <Extensions>cpp;c;cc;cxx;def;odl;idl;hpj;bat;asm;asmx</Extensions>
    </Filter>
    <Filter Include="Header Files">
      <UniqueIdentifier>{93995380-89BD-4b04-88EB-625FBE52EBFB}</UniqueIdentifier>
      <Extensions>h;hpp;hxx;hm;inl;inc;xsd</Extensions>
    </Filter>
    <Filter Include="Misc Files">
      <UniqueIdentifier>{f648aa3e-1494-4a06-83b8-cb28b02327a7}</UniqueIdentifier>
    </Filter>
    <Filter Include="Misc Files\Resource Files">
      <UniqueIdentifier>{67DA6AB6-F800-4c08-8B7A-83BB121AAD01}</UniqueIdentifier>
      <Extensions>rc;ico;cur;bmp;dlg;rc2;rct;bin;rgs;gif;jpg;jpeg;jpe;resx;tiff;tif;png;wav;mfcribbon-ms</Extensions>
    </Filter>
  </ItemGroup>
  <ItemGroup>
    <None Include="small.ico">
      <Filter>Misc Files\Resource Files</Filter>
    </None>
    <None Include="Winoku.ico">
      <Filter>Misc Files\Resource Files</Filter>
    </None>
  </ItemGroup>
  <ItemGroup>
    <ClInclude Include="Player.h">
      <Filter>Header Files</Filter>
    </ClInclude>
    <ClInclude Include="Board.h">
      <Filter>Header Files</Filter>
    </ClInclude>
    <ClInclude Include="ExampleAI.h">
      <Filter>Header Files</Filter>
    </ClInclude>
    <ClInclude Include="stdafx.h">
      <Filter>Misc Files</Filter>
    </ClInclude>
    <ClInclude Include="targetver.h">
      <Filter>Misc Files</Filter>
    </ClInclude>
    <ClInclude Include="Resource.h">
      <Filter>Misc Files</Filter>
    </ClInclude>
    <ClInclude Include="AlphaBeta.h">
      <Filter>Header Files</Filter>
    </ClInclude>
    <ClInclude Include="Player1.h">
      <Filter>Header Files</Filter>
    </ClInclude>
    <ClInclude Include="PlayerDaybreak.h">
      <Filter>Header Files</Filter>
    </ClInclude>
    <ClInclude Include="Ares.h">
      <Filter>Header Files</Filter>
    </ClInclude>
    <ClInclude Include="Platypus.h">
      <Filter>Header Files</Filter>
    </ClInclude>
    <ClInclude Include="PlatypusFeatures.h">
      <Filter>Header Files</Filter>
    </ClInclude>
  </ItemGroup>
  <ItemGroup>
    <ClCompile Include="Board.cpp">
      <Filter>Source Files</Filter>
    </ClCompile>
    <ClCompile Include="ExampleAI.cpp">
      <Filter>Source Files</Filter>
    </ClCompile>
    <ClCompile Include="main.cpp">
      <Filter>Source Files</Filter>
    </ClCompile>
    <ClCompile Include="AlphaBeta.cpp">
      <Filter>Source Files</Filter>
    </ClCompile>
    <ClCompile Include="Player1.cpp">
      <Filter>Source Files</Filter>
    </ClCompile>
    <ClCompile Include="PlayerDaybreak.cpp">
      <Filter>Source Files</Filter>
    </ClCompile>
    <ClCompile Include="Ares.cpp">
      <Filter>Source Files</Filter>
    </ClCompile>
    <ClCompile Include="Platypus.cpp">
      <Filter>Source Files</Filter>
    </ClCompile>
  </ItemGroup>
  <ItemGroup>
    <ResourceCompile Include="Winoku.rc">
      <Filter>Misc Files\Resource Files</Filter>
    </ResourceCompile>
  </ItemGroup>
</Project>